
Microsoft Visual Studio Solution File, Format Version 12.00
# Visual Studio Version 17
VisualStudioVersion = 17.3.32825.248
MinimumVisualStudioVersion = 10.0.40219.1
Project("{9A19103F-16F7-4668-BE54-9A1E7A4F7556}") = "ForecastFlow.Api", "ForecastFlow.Api\ForecastFlow.Api.csproj", "{DA46DF60-8D67-4C45-8BD4-3BA6B7696C8C}"
EndProject
Project("{54A90642-561A-4BB1-A94E-469ADEE60C69}") = "ForecastFlow.Client", "ForecastFlow.Client\ForecastFlow.Client.esproj", "{C0B7DF50-0712-049C-5E4C-713808560B88}"
EndProject
Project("{FAE04EC0-301F-11D3-BF4B-00C04F79EFBC}") = "ForecastFlow.Core", "ForecastFlow.Core\ForecastFlow.Core.csproj", "{E5DB7C47-6833-9535-AF6D-E1797539BFC1}"
EndProject
Project("{FAE04EC0-301F-11D3-BF4B-00C04F79EFBC}") = "ForecastFlow.Lambda", "ForecastFlow.Lambda\ForecastFlow.Lambda.csproj", "{A1B2C3D4-5678-9012-3456-789012345678}"
EndProject
Global
	GlobalSection(SolutionConfigurationPlatforms) = preSolution
		Debug|Any CPU = Debug|Any CPU
		Release|Any CPU = Release|Any CPU
	EndGlobalSection
	GlobalSection(ProjectConfigurationPlatforms) = postSolution
		{DA46DF60-8D67-4C45-8BD4-3BA6B7696C8C}.Debug|Any CPU.ActiveCfg = Debug|Any CPU
		{DA46DF60-8D67-4C45-8BD4-3BA6B7696C8C}.Debug|Any CPU.Build.0 = Debug|Any CPU
		{DA46DF60-8D67-4C45-8BD4-3BA6B7696C8C}.Release|Any CPU.ActiveCfg = Release|Any CPU
		{DA46DF60-8D67-4C45-8BD4-3BA6B7696C8C}.Release|Any CPU.Build.0 = Release|Any CPU
		{C0B7DF50-0712-049C-5E4C-713808560B88}.Debug|Any CPU.ActiveCfg = Debug|Any CPU
		{C0B7DF50-0712-049C-5E4C-713808560B88}.Debug|Any CPU.Build.0 = Debug|Any CPU
		{C0B7DF50-0712-049C-5E4C-713808560B88}.Debug|Any CPU.Deploy.0 = Debug|Any CPU
		{C0B7DF50-0712-049C-5E4C-713808560B88}.Release|Any CPU.ActiveCfg = Release|Any CPU
		{C0B7DF50-0712-049C-5E4C-713808560B88}.Release|Any CPU.Build.0 = Release|Any CPU
		{C0B7DF50-0712-049C-5E4C-713808560B88}.Release|Any CPU.Deploy.0 = Release|Any CPU
		{E5DB7C47-6833-9535-AF6D-E1797539BFC1}.Debug|Any CPU.ActiveCfg = Debug|Any CPU
		{E5DB7C47-6833-9535-AF6D-E1797539BFC1}.Debug|Any CPU.Build.0 = Debug|Any CPU
		{E5DB7C47-6833-9535-AF6D-E1797539BFC1}.Release|Any CPU.ActiveCfg = Release|Any CPU
		{E5DB7C47-6833-9535-AF6D-E1797539BFC1}.Release|Any CPU.Build.0 = Release|Any CPU
		{A1B2C3D4-5678-9012-3456-789012345678}.Debug|Any CPU.ActiveCfg = Debug|Any CPU
		{A1B2C3D4-5678-9012-3456-789012345678}.Debug|Any CPU.Build.0 = Debug|Any CPU
		{A1B2C3D4-5678-9012-3456-789012345678}.Release|Any CPU.ActiveCfg = Release|Any CPU
		{A1B2C3D4-5678-9012-3456-789012345678}.Release|Any CPU.Build.0 = Release|Any CPU
	EndGlobalSection
	GlobalSection(SolutionProperties) = preSolution
		HideSolutionNode = FALSE
	EndGlobalSection
	GlobalSection(ExtensibilityGlobals) = postSolution
		SolutionGuid = {CFD986BB-9EA7-4B94-88FF-ABA5A6071382}
	EndGlobalSection
EndGlobal
